// !$*UTF8*$!
{
	archiveVersion = 1;
	classes = {
	};
	objectVersion = 55;
	objects = {

/* Begin PBXBuildFile section */
		339595152874B1C000ABFDE7 /* LRIApp.swift in Sources */ = {isa = PBXBuildFile; fileRef = 339595142874B1C000ABFDE7 /* LRIApp.swift */; };
		339595172874B1C000ABFDE7 /* DrinksListView.swift in Sources */ = {isa = PBXBuildFile; fileRef = 339595162874B1C000ABFDE7 /* DrinksListView.swift */; };
		339595192874B1C200ABFDE7 /* Assets.xcassets in Resources */ = {isa = PBXBuildFile; fileRef = 339595182874B1C200ABFDE7 /* Assets.xcassets */; };
		3395951C2874B1C200ABFDE7 /* Preview Assets.xcassets in Resources */ = {isa = PBXBuildFile; fileRef = 3395951B2874B1C200ABFDE7 /* Preview Assets.xcassets */; };
		339595282874B23900ABFDE7 /* DrinkItem.swift in Sources */ = {isa = PBXBuildFile; fileRef = 339595262874B23900ABFDE7 /* DrinkItem.swift */; };
		339595292874B23900ABFDE7 /* DrinkModel.swift in Sources */ = {isa = PBXBuildFile; fileRef = 339595272874B23900ABFDE7 /* DrinkModel.swift */; };
		3395952E2874B2C500ABFDE7 /* Endpoint.swift in Sources */ = {isa = PBXBuildFile; fileRef = 3395952C2874B2C500ABFDE7 /* Endpoint.swift */; };
		3395952F2874B2C500ABFDE7 /* DrinkEndpoint.swift in Sources */ = {isa = PBXBuildFile; fileRef = 3395952D2874B2C500ABFDE7 /* DrinkEndpoint.swift */; };
		339595312874B2CA00ABFDE7 /* NetworkLayer.swift in Sources */ = {isa = PBXBuildFile; fileRef = 339595302874B2CA00ABFDE7 /* NetworkLayer.swift */; };
		339595342874B68E00ABFDE7 /* UIImageView+Extension.swift in Sources */ = {isa = PBXBuildFile; fileRef = 339595332874B68E00ABFDE7 /* UIImageView+Extension.swift */; };
		339595362874B89700ABFDE7 /* DrinkRowView.swift in Sources */ = {isa = PBXBuildFile; fileRef = 339595352874B89700ABFDE7 /* DrinkRowView.swift */; };
		339595392874BF2500ABFDE7 /* CachedAsyncImage in Frameworks */ = {isa = PBXBuildFile; productRef = 339595382874BF2500ABFDE7 /* CachedAsyncImage */; };
/* End PBXBuildFile section */

/* Begin PBXFileReference section */
		339595112874B1C000ABFDE7 /* LRI.app */ = {isa = PBXFileReference; explicitFileType = wrapper.application; includeInIndex = 0; path = LRI.app; sourceTree = BUILT_PRODUCTS_DIR; };
		339595142874B1C000ABFDE7 /* LRIApp.swift */ = {isa = PBXFileReference; lastKnownFileType = sourcecode.swift; path = LRIApp.swift; sourceTree = "<group>"; };
		339595162874B1C000ABFDE7 /* DrinksListView.swift */ = {isa = PBXFileReference; lastKnownFileType = sourcecode.swift; path = DrinksListView.swift; sourceTree = "<group>"; };
		339595182874B1C200ABFDE7 /* Assets.xcassets */ = {isa = PBXFileReference; lastKnownFileType = folder.assetcatalog; path = Assets.xcassets; sourceTree = "<group>"; };
		3395951B2874B1C200ABFDE7 /* Preview Assets.xcassets */ = {isa = PBXFileReference; lastKnownFileType = folder.assetcatalog; path = "Preview Assets.xcassets"; sourceTree = "<group>"; };
		339595262874B23900ABFDE7 /* DrinkItem.swift */ = {isa = PBXFileReference; fileEncoding = 4; lastKnownFileType = sourcecode.swift; path = DrinkItem.swift; sourceTree = "<group>"; };
		339595272874B23900ABFDE7 /* DrinkModel.swift */ = {isa = PBXFileReference; fileEncoding = 4; lastKnownFileType = sourcecode.swift; path = DrinkModel.swift; sourceTree = "<group>"; };
		3395952C2874B2C500ABFDE7 /* Endpoint.swift */ = {isa = PBXFileReference; fileEncoding = 4; lastKnownFileType = sourcecode.swift; path = Endpoint.swift; sourceTree = "<group>"; };
		3395952D2874B2C500ABFDE7 /* DrinkEndpoint.swift */ = {isa = PBXFileReference; fileEncoding = 4; lastKnownFileType = sourcecode.swift; path = DrinkEndpoint.swift; sourceTree = "<group>"; };
		339595302874B2CA00ABFDE7 /* NetworkLayer.swift */ = {isa = PBXFileReference; fileEncoding = 4; lastKnownFileType = sourcecode.swift; path = NetworkLayer.swift; sourceTree = "<group>"; };
		339595332874B68E00ABFDE7 /* UIImageView+Extension.swift */ = {isa = PBXFileReference; fileEncoding = 4; lastKnownFileType = sourcecode.swift; path = "UIImageView+Extension.swift"; sourceTree = "<group>"; };
		339595352874B89700ABFDE7 /* DrinkRowView.swift */ = {isa = PBXFileReference; lastKnownFileType = sourcecode.swift; path = DrinkRowView.swift; sourceTree = "<group>"; };
/* End PBXFileReference section */

/* Begin PBXFrameworksBuildPhase section */
		3395950E2874B1C000ABFDE7 /* Frameworks */ = {
			isa = PBXFrameworksBuildPhase;
			buildActionMask = 2147483647;
			files = (
				339595392874BF2500ABFDE7 /* CachedAsyncImage in Frameworks */,
			);
			runOnlyForDeploymentPostprocessing = 0;
		};
/* End PBXFrameworksBuildPhase section */

/* Begin PBXGroup section */
		339595082874B1C000ABFDE7 = {
			isa = PBXGroup;
			children = (
				339595132874B1C000ABFDE7 /* LRI */,
				339595122874B1C000ABFDE7 /* Products */,
			);
			sourceTree = "<group>";
		};
		339595122874B1C000ABFDE7 /* Products */ = {
			isa = PBXGroup;
			children = (
				339595112874B1C000ABFDE7 /* LRI.app */,
			);
			name = Products;
			sourceTree = "<group>";
		};
		339595132874B1C000ABFDE7 /* LRI */ = {
			isa = PBXGroup;
			children = (
				339595142874B1C000ABFDE7 /* LRIApp.swift */,
				339595322874B66A00ABFDE7 /* Extensions */,
				3395952A2874B2B100ABFDE7 /* NetworkLayer */,
				339595222874B20C00ABFDE7 /* Drink Module */,
				339595182874B1C200ABFDE7 /* Assets.xcassets */,
				3395951A2874B1C200ABFDE7 /* Preview Content */,
			);
			path = LRI;
			sourceTree = "<group>";
		};
		3395951A2874B1C200ABFDE7 /* Preview Content */ = {
			isa = PBXGroup;
			children = (
				3395951B2874B1C200ABFDE7 /* Preview Assets.xcassets */,
			);
			path = "Preview Content";
			sourceTree = "<group>";
		};
		339595222874B20C00ABFDE7 /* Drink Module */ = {
			isa = PBXGroup;
			children = (
				339595252874B22200ABFDE7 /* Views */,
				339595242874B22000ABFDE7 /* Model */,
			);
			path = "Drink Module";
			sourceTree = "<group>";
		};
		339595242874B22000ABFDE7 /* Model */ = {
			isa = PBXGroup;
			children = (
				339595262874B23900ABFDE7 /* DrinkItem.swift */,
				339595272874B23900ABFDE7 /* DrinkModel.swift */,
			);
			path = Model;
			sourceTree = "<group>";
		};
		339595252874B22200ABFDE7 /* Views */ = {
			isa = PBXGroup;
			children = (
				339595162874B1C000ABFDE7 /* DrinksListView.swift */,
				339595352874B89700ABFDE7 /* DrinkRowView.swift */,
			);
			path = Views;
			sourceTree = "<group>";
		};
		3395952A2874B2B100ABFDE7 /* NetworkLayer */ = {
			isa = PBXGroup;
			children = (
				339595302874B2CA00ABFDE7 /* NetworkLayer.swift */,
				3395952B2874B2BA00ABFDE7 /* Endpoint */,
			);
			path = NetworkLayer;
			sourceTree = "<group>";
		};
		3395952B2874B2BA00ABFDE7 /* Endpoint */ = {
			isa = PBXGroup;
			children = (
				3395952C2874B2C500ABFDE7 /* Endpoint.swift */,
				3395952D2874B2C500ABFDE7 /* DrinkEndpoint.swift */,
			);
			path = Endpoint;
			sourceTree = "<group>";
		};
		339595322874B66A00ABFDE7 /* Extensions */ = {
			isa = PBXGroup;
			children = (
				339595332874B68E00ABFDE7 /* UIImageView+Extension.swift */,
			);
			path = Extensions;
			sourceTree = "<group>";
		};
/* End PBXGroup section */

/* Begin PBXNativeTarget section */
		339595102874B1C000ABFDE7 /* LRI */ = {
			isa = PBXNativeTarget;
			buildConfigurationList = 3395951F2874B1C200ABFDE7 /* Build configuration list for PBXNativeTarget "LRI" */;
			buildPhases = (
				3395950D2874B1C000ABFDE7 /* Sources */,
				3395950E2874B1C000ABFDE7 /* Frameworks */,
				3395950F2874B1C000ABFDE7 /* Resources */,
			);
			buildRules = (
			);
			dependencies = (
			);
			name = LRI;
			packageProductDependencies = (
				339595382874BF2500ABFDE7 /* CachedAsyncImage */,
			);
			productName = LRI;
			productReference = 339595112874B1C000ABFDE7 /* LRI.app */;
			productType = "com.apple.product-type.application";
		};
/* End PBXNativeTarget section */

/* Begin PBXProject section */
		339595092874B1C000ABFDE7 /* Project object */ = {
			isa = PBXProject;
			attributes = {
				BuildIndependentTargetsInParallel = 1;
				LastSwiftUpdateCheck = 1340;
				LastUpgradeCheck = 1340;
				TargetAttributes = {
					339595102874B1C000ABFDE7 = {
						CreatedOnToolsVersion = 13.4.1;
					};
				};
			};
			buildConfigurationList = 3395950C2874B1C000ABFDE7 /* Build configuration list for PBXProject "LRI" */;
			compatibilityVersion = "Xcode 13.0";
			developmentRegion = en;
			hasScannedForEncodings = 0;
			knownRegions = (
				en,
				Base,
			);
			mainGroup = 339595082874B1C000ABFDE7;
			packageReferences = (
				339595372874BF2500ABFDE7 /* XCRemoteSwiftPackageReference "SwiftUI-CachedAsyncImage" */,
			);
			productRefGroup = 339595122874B1C000ABFDE7 /* Products */;
			projectDirPath = "";
			projectRoot = "";
			targets = (
				339595102874B1C000ABFDE7 /* LRI */,
			);
		};
/* End PBXProject section */

/* Begin PBXResourcesBuildPhase section */
		3395950F2874B1C000ABFDE7 /* Resources */ = {
			isa = PBXResourcesBuildPhase;
			buildActionMask = 2147483647;
			files = (
				3395951C2874B1C200ABFDE7 /* Preview Assets.xcassets in Resources */,
				339595192874B1C200ABFDE7 /* Assets.xcassets in Resources */,
			);
			runOnlyForDeploymentPostprocessing = 0;
		};
/* End PBXResourcesBuildPhase section */

/* Begin PBXSourcesBuildPhase section */
		3395950D2874B1C000ABFDE7 /* Sources */ = {
			isa = PBXSourcesBuildPhase;
			buildActionMask = 2147483647;
			files = (
				339595312874B2CA00ABFDE7 /* NetworkLayer.swift in Sources */,
				339595292874B23900ABFDE7 /* DrinkModel.swift in Sources */,
				339595342874B68E00ABFDE7 /* UIImageView+Extension.swift in Sources */,
				339595172874B1C000ABFDE7 /* DrinksListView.swift in Sources */,
				339595152874B1C000ABFDE7 /* LRIApp.swift in Sources */,
				339595362874B89700ABFDE7 /* DrinkRowView.swift in Sources */,
				339595282874B23900ABFDE7 /* DrinkItem.swift in Sources */,
				3395952E2874B2C500ABFDE7 /* Endpoint.swift in Sources */,
				3395952F2874B2C500ABFDE7 /* DrinkEndpoint.swift in Sources */,
			);
			runOnlyForDeploymentPostprocessing = 0;
		};
/* End PBXSourcesBuildPhase section */

/* Begin XCBuildConfiguration section */
		3395951D2874B1C200ABFDE7 /* Debug */ = {
			isa = XCBuildConfiguration;
			buildSettings = {
				ALWAYS_SEARCH_USER_PATHS = NO;
				CLANG_ANALYZER_NONNULL = YES;
				CLANG_ANALYZER_NUMBER_OBJECT_CONVERSION = YES_AGGRESSIVE;
				CLANG_CXX_LANGUAGE_STANDARD = "gnu++17";
				CLANG_ENABLE_MODULES = YES;
				CLANG_ENABLE_OBJC_ARC = YES;
				CLANG_ENABLE_OBJC_WEAK = YES;
				CLANG_WARN_BLOCK_CAPTURE_AUTORELEASING = YES;
				CLANG_WARN_BOOL_CONVERSION = YES;
				CLANG_WARN_COMMA = YES;
				CLANG_WARN_CONSTANT_CONVERSION = YES;
				CLANG_WARN_DEPRECATED_OBJC_IMPLEMENTATIONS = YES;
				CLANG_WARN_DIRECT_OBJC_ISA_USAGE = YES_ERROR;
				CLANG_WARN_DOCUMENTATION_COMMENTS = YES;
				CLANG_WARN_EMPTY_BODY = YES;
				CLANG_WARN_ENUM_CONVERSION = YES;
				CLANG_WARN_INFINITE_RECURSION = YES;
				CLANG_WARN_INT_CONVERSION = YES;
				CLANG_WARN_NON_LITERAL_NULL_CONVERSION = YES;
				CLANG_WARN_OBJC_IMPLICIT_RETAIN_SELF = YES;
				CLANG_WARN_OBJC_LITERAL_CONVERSION = YES;
				CLANG_WARN_OBJC_ROOT_CLASS = YES_ERROR;
				CLANG_WARN_QUOTED_INCLUDE_IN_FRAMEWORK_HEADER = YES;
				CLANG_WARN_RANGE_LOOP_ANALYSIS = YES;
				CLANG_WARN_STRICT_PROTOTYPES = YES;
				CLANG_WARN_SUSPICIOUS_MOVE = YES;
				CLANG_WARN_UNGUARDED_AVAILABILITY = YES_AGGRESSIVE;
				CLANG_WARN_UNREACHABLE_CODE = YES;
				CLANG_WARN__DUPLICATE_METHOD_MATCH = YES;
				COPY_PHASE_STRIP = NO;
				DEBUG_INFORMATION_FORMAT = dwarf;
				ENABLE_STRICT_OBJC_MSGSEND = YES;
				ENABLE_TESTABILITY = YES;
				GCC_C_LANGUAGE_STANDARD = gnu11;
				GCC_DYNAMIC_NO_PIC = NO;
				GCC_NO_COMMON_BLOCKS = YES;
				GCC_OPTIMIZATION_LEVEL = 0;
				GCC_PREPROCESSOR_DEFINITIONS = (
					"DEBUG=1",
					"$(inherited)",
				);
				GCC_WARN_64_TO_32_BIT_CONVERSION = YES;
				GCC_WARN_ABOUT_RETURN_TYPE = YES_ERROR;
				GCC_WARN_UNDECLARED_SELECTOR = YES;
				GCC_WARN_UNINITIALIZED_AUTOS = YES_AGGRESSIVE;
				GCC_WARN_UNUSED_FUNCTION = YES;
				GCC_WARN_UNUSED_VARIABLE = YES;
				IPHONEOS_DEPLOYMENT_TARGET = 15.5;
				MTL_ENABLE_DEBUG_INFO = INCLUDE_SOURCE;
				MTL_FAST_MATH = YES;
				ONLY_ACTIVE_ARCH = YES;
				SDKROOT = iphoneos;
				SWIFT_ACTIVE_COMPILATION_CONDITIONS = DEBUG;
				SWIFT_OPTIMIZATION_LEVEL = "-Onone";
			};
			name = Debug;
		};
		3395951E2874B1C200ABFDE7 /* Release */ = {
			isa = XCBuildConfiguration;
			buildSettings = {
				ALWAYS_SEARCH_USER_PATHS = NO;
				CLANG_ANALYZER_NONNULL = YES;
				CLANG_ANALYZER_NUMBER_OBJECT_CONVERSION = YES_AGGRESSIVE;
				CLANG_CXX_LANGUAGE_STANDARD = "gnu++17";
				CLANG_ENABLE_MODULES = YES;
				CLANG_ENABLE_OBJC_ARC = YES;
				CLANG_ENABLE_OBJC_WEAK = YES;
				CLANG_WARN_BLOCK_CAPTURE_AUTORELEASING = YES;
				CLANG_WARN_BOOL_CONVERSION = YES;
				CLANG_WARN_COMMA = YES;
				CLANG_WARN_CONSTANT_CONVERSION = YES;
				CLANG_WARN_DEPRECATED_OBJC_IMPLEMENTATIONS = YES;
				CLANG_WARN_DIRECT_OBJC_ISA_USAGE = YES_ERROR;
				CLANG_WARN_DOCUMENTATION_COMMENTS = YES;
				CLANG_WARN_EMPTY_BODY = YES;
				CLANG_WARN_ENUM_CONVERSION = YES;
				CLANG_WARN_INFINITE_RECURSION = YES;
				CLANG_WARN_INT_CONVERSION = YES;
				CLANG_WARN_NON_LITERAL_NULL_CONVERSION = YES;
				CLANG_WARN_OBJC_IMPLICIT_RETAIN_SELF = YES;
				CLANG_WARN_OBJC_LITERAL_CONVERSION = YES;
				CLANG_WARN_OBJC_ROOT_CLASS = YES_ERROR;
				CLANG_WARN_QUOTED_INCLUDE_IN_FRAMEWORK_HEADER = YES;
				CLANG_WARN_RANGE_LOOP_ANALYSIS = YES;
				CLANG_WARN_STRICT_PROTOTYPES = YES;
				CLANG_WARN_SUSPICIOUS_MOVE = YES;
				CLANG_WARN_UNGUARDED_AVAILABILITY = YES_AGGRESSIVE;
				CLANG_WARN_UNREACHABLE_CODE = YES;
				CLANG_WARN__DUPLICATE_METHOD_MATCH = YES;
				COPY_PHASE_STRIP = NO;
				DEBUG_INFORMATION_FORMAT = "dwarf-with-dsym";
				ENABLE_NS_ASSERTIONS = NO;
				ENABLE_STRICT_OBJC_MSGSEND = YES;
				GCC_C_LANGUAGE_STANDARD = gnu11;
				GCC_NO_COMMON_BLOCKS = YES;
				GCC_WARN_64_TO_32_BIT_CONVERSION = YES;
				GCC_WARN_ABOUT_RETURN_TYPE = YES_ERROR;
				GCC_WARN_UNDECLARED_SELECTOR = YES;
				GCC_WARN_UNINITIALIZED_AUTOS = YES_AGGRESSIVE;
				GCC_WARN_UNUSED_FUNCTION = YES;
				GCC_WARN_UNUSED_VARIABLE = YES;
				IPHONEOS_DEPLOYMENT_TARGET = 15.5;
				MTL_ENABLE_DEBUG_INFO = NO;
				MTL_FAST_MATH = YES;
				SDKROOT = iphoneos;
				SWIFT_COMPILATION_MODE = wholemodule;
				SWIFT_OPTIMIZATION_LEVEL = "-O";
				VALIDATE_PRODUCT = YES;
			};
			name = Release;
		};
		339595202874B1C200ABFDE7 /* Debug */ = {
			isa = XCBuildConfiguration;
			buildSettings = {
				ASSETCATALOG_COMPILER_APPICON_NAME = AppIcon;
				ASSETCATALOG_COMPILER_GLOBAL_ACCENT_COLOR_NAME = AccentColor;
				CODE_SIGN_STYLE = Automatic;
				CURRENT_PROJECT_VERSION = 1;
				DEVELOPMENT_ASSET_PATHS = "\"LRI/Preview Content\"";
				DEVELOPMENT_TEAM = Y886TDH534;
				ENABLE_PREVIEWS = YES;
				GENERATE_INFOPLIST_FILE = YES;
				INFOPLIST_KEY_UIApplicationSceneManifest_Generation = YES;
				INFOPLIST_KEY_UIApplicationSupportsIndirectInputEvents = YES;
				INFOPLIST_KEY_UILaunchScreen_Generation = YES;
				INFOPLIST_KEY_UISupportedInterfaceOrientations_iPhone = UIInterfaceOrientationPortrait;
				LD_RUNPATH_SEARCH_PATHS = (
					"$(inherited)",
					"@executable_path/Frameworks",
				);
				MARKETING_VERSION = 1.0;
				PRODUCT_BUNDLE_IDENTIFIER = l1ttle.LRI;
				PRODUCT_NAME = "$(TARGET_NAME)";
				SWIFT_EMIT_LOC_STRINGS = YES;
				SWIFT_VERSION = 5.0;
				TARGETED_DEVICE_FAMILY = "1,2";
			};
			name = Debug;
		};
		339595212874B1C200ABFDE7 /* Release */ = {
			isa = XCBuildConfiguration;
			buildSettings = {
				ASSETCATALOG_COMPILER_APPICON_NAME = AppIcon;
				ASSETCATALOG_COMPILER_GLOBAL_ACCENT_COLOR_NAME = AccentColor;
				CODE_SIGN_STYLE = Automatic;
				CURRENT_PROJECT_VERSION = 1;
				DEVELOPMENT_ASSET_PATHS = "\"LRI/Preview Content\"";
				DEVELOPMENT_TEAM = Y886TDH534;
				ENABLE_PREVIEWS = YES;
				GENERATE_INFOPLIST_FILE = YES;
				INFOPLIST_KEY_UIApplicationSceneManifest_Generation = YES;
				INFOPLIST_KEY_UIApplicationSupportsIndirectInputEvents = YES;
				INFOPLIST_KEY_UILaunchScreen_Generation = YES;
				INFOPLIST_KEY_UISupportedInterfaceOrientations_iPhone = UIInterfaceOrientationPortrait;
				LD_RUNPATH_SEARCH_PATHS = (
					"$(inherited)",
					"@executable_path/Frameworks",
				);
				MARKETING_VERSION = 1.0;
				PRODUCT_BUNDLE_IDENTIFIER = l1ttle.LRI;
				PRODUCT_NAME = "$(TARGET_NAME)";
				SWIFT_EMIT_LOC_STRINGS = YES;
				SWIFT_VERSION = 5.0;
				TARGETED_DEVICE_FAMILY = "1,2";
			};
			name = Release;
		};
/* End XCBuildConfiguration section */

/* Begin XCConfigurationList section */
		3395950C2874B1C000ABFDE7 /* Build configuration list for PBXProject "LRI" */ = {
			isa = XCConfigurationList;
			buildConfigurations = (
				3395951D2874B1C200ABFDE7 /* Debug */,
				3395951E2874B1C200ABFDE7 /* Release */,
			);
			defaultConfigurationIsVisible = 0;
			defaultConfigurationName = Release;
		};
		3395951F2874B1C200ABFDE7 /* Build configuration list for PBXNativeTarget "LRI" */ = {
			isa = XCConfigurationList;
			buildConfigurations = (
				339595202874B1C200ABFDE7 /* Debug */,
				339595212874B1C200ABFDE7 /* Release */,
			);
			defaultConfigurationIsVisible = 0;
			defaultConfigurationName = Release;
		};
/* End XCConfigurationList section */

/* Begin XCRemoteSwiftPackageReference section */
		339595372874BF2500ABFDE7 /* XCRemoteSwiftPackageReference "SwiftUI-CachedAsyncImage" */ = {
			isa = XCRemoteSwiftPackageReference;
			repositoryURL = "https://github.com/lorenzofiamingo/SwiftUI-CachedAsyncImage";
			requirement = {
				kind = upToNextMajorVersion;
				minimumVersion = 2.0.0;
			};
		};
/* End XCRemoteSwiftPackageReference section */

/* Begin XCSwiftPackageProductDependency section */
		339595382874BF2500ABFDE7 /* CachedAsyncImage */ = {
			isa = XCSwiftPackageProductDependency;
			package = 339595372874BF2500ABFDE7 /* XCRemoteSwiftPackageReference "SwiftUI-CachedAsyncImage" */;
			productName = CachedAsyncImage;
		};
/* End XCSwiftPackageProductDependency section */
	};
	rootObject = 339595092874B1C000ABFDE7 /* Project object */;
}
